// !$*UTF8*$!
{
	archiveVersion = 1;
	classes = {
	};
	objectVersion = 56;
	objects = {

/* Begin PBXBuildFile section */
		19A819652B13E82B00DAB2EE /* AuthViewController.swift in Sources */ = {isa = PBXBuildFile; fileRef = 19A819642B13E82B00DAB2EE /* AuthViewController.swift */; };
		19A819682B13ED8200DAB2EE /* CustomButton.swift in Sources */ = {isa = PBXBuildFile; fileRef = 19A819672B13ED8200DAB2EE /* CustomButton.swift */; };
		19A8196A2B13EDF300DAB2EE /* CustomTextField.swift in Sources */ = {isa = PBXBuildFile; fileRef = 19A819692B13EDF300DAB2EE /* CustomTextField.swift */; };
		19A8196C2B13EE0800DAB2EE /* Constants.swift in Sources */ = {isa = PBXBuildFile; fileRef = 19A8196B2B13EE0800DAB2EE /* Constants.swift */; };
		19A8196E2B14019C00DAB2EE /* RegisterViewController.swift in Sources */ = {isa = PBXBuildFile; fileRef = 19A8196D2B14019C00DAB2EE /* RegisterViewController.swift */; };
		19A819752B14320400DAB2EE /* libsqlite3.0.tbd in Frameworks */ = {isa = PBXBuildFile; fileRef = 19A819702B142CC400DAB2EE /* libsqlite3.0.tbd */; };
		19A819782B14390300DAB2EE /* Customer.swift in Sources */ = {isa = PBXBuildFile; fileRef = 19A819772B14390300DAB2EE /* Customer.swift */; };
		19A8197D2B14482200DAB2EE /* CustomerDBManager.swift in Sources */ = {isa = PBXBuildFile; fileRef = 19A8197C2B14482200DAB2EE /* CustomerDBManager.swift */; };
		19A8197F2B15018800DAB2EE /* ProfileViewController.swift in Sources */ = {isa = PBXBuildFile; fileRef = 19A8197E2B15018800DAB2EE /* ProfileViewController.swift */; };
		19C1589B2B056363002373DD /* AppDelegate.swift in Sources */ = {isa = PBXBuildFile; fileRef = 19C1589A2B056363002373DD /* AppDelegate.swift */; };
		19C1589D2B056363002373DD /* SceneDelegate.swift in Sources */ = {isa = PBXBuildFile; fileRef = 19C1589C2B056363002373DD /* SceneDelegate.swift */; };
		19C1589F2B056363002373DD /* HomeViewController.swift in Sources */ = {isa = PBXBuildFile; fileRef = 19C1589E2B056363002373DD /* HomeViewController.swift */; };
		19C158A22B056363002373DD /* Main.storyboard in Resources */ = {isa = PBXBuildFile; fileRef = 19C158A02B056363002373DD /* Main.storyboard */; };
		19C158A42B056365002373DD /* Assets.xcassets in Resources */ = {isa = PBXBuildFile; fileRef = 19C158A32B056365002373DD /* Assets.xcassets */; };
		19C158A72B056365002373DD /* LaunchScreen.storyboard in Resources */ = {isa = PBXBuildFile; fileRef = 19C158A52B056365002373DD /* LaunchScreen.storyboard */; };
		19C158AF2B056737002373DD /* SplashViewController.swift in Sources */ = {isa = PBXBuildFile; fileRef = 19C158AE2B056737002373DD /* SplashViewController.swift */; };
		19C158B22B057147002373DD /* gear1.mp3 in Resources */ = {isa = PBXBuildFile; fileRef = 19C158B12B057147002373DD /* gear1.mp3 */; };
		19C158B42B057154002373DD /* gear2.mp3 in Resources */ = {isa = PBXBuildFile; fileRef = 19C158B32B057154002373DD /* gear2.mp3 */; };
		19C158B62B05715D002373DD /* Ship_horn.mp3 in Resources */ = {isa = PBXBuildFile; fileRef = 19C158B52B05715D002373DD /* Ship_horn.mp3 */; };
		19C158B82B06ED9B002373DD /* DashboardViewController.swift in Sources */ = {isa = PBXBuildFile; fileRef = 19C158B72B06ED9B002373DD /* DashboardViewController.swift */; };
/* End PBXBuildFile section */

/* Begin PBXFileReference section */
		19A819642B13E82B00DAB2EE /* AuthViewController.swift */ = {isa = PBXFileReference; lastKnownFileType = sourcecode.swift; path = AuthViewController.swift; sourceTree = "<group>"; };
		19A819672B13ED8200DAB2EE /* CustomButton.swift */ = {isa = PBXFileReference; lastKnownFileType = sourcecode.swift; path = CustomButton.swift; sourceTree = "<group>"; };
		19A819692B13EDF300DAB2EE /* CustomTextField.swift */ = {isa = PBXFileReference; lastKnownFileType = sourcecode.swift; path = CustomTextField.swift; sourceTree = "<group>"; };
		19A8196B2B13EE0800DAB2EE /* Constants.swift */ = {isa = PBXFileReference; lastKnownFileType = sourcecode.swift; path = Constants.swift; sourceTree = "<group>"; };
		19A8196D2B14019C00DAB2EE /* RegisterViewController.swift */ = {isa = PBXFileReference; lastKnownFileType = sourcecode.swift; path = RegisterViewController.swift; sourceTree = "<group>"; };
		19A819702B142CC400DAB2EE /* libsqlite3.0.tbd */ = {isa = PBXFileReference; lastKnownFileType = "sourcecode.text-based-dylib-definition"; name = libsqlite3.0.tbd; path = usr/lib/libsqlite3.0.tbd; sourceTree = SDKROOT; };
		19A819732B142FE500DAB2EE /* libsqlite3.tbd */ = {isa = PBXFileReference; lastKnownFileType = "sourcecode.text-based-dylib-definition"; name = libsqlite3.tbd; path = usr/lib/libsqlite3.tbd; sourceTree = SDKROOT; };
		19A819772B14390300DAB2EE /* Customer.swift */ = {isa = PBXFileReference; lastKnownFileType = sourcecode.swift; path = Customer.swift; sourceTree = "<group>"; };
		19A8197C2B14482200DAB2EE /* CustomerDBManager.swift */ = {isa = PBXFileReference; lastKnownFileType = sourcecode.swift; path = CustomerDBManager.swift; sourceTree = "<group>"; };
		19A8197E2B15018800DAB2EE /* ProfileViewController.swift */ = {isa = PBXFileReference; lastKnownFileType = sourcecode.swift; path = ProfileViewController.swift; sourceTree = "<group>"; };
		19C158972B056363002373DD /* Cruise Booking App.app */ = {isa = PBXFileReference; explicitFileType = wrapper.application; includeInIndex = 0; path = "Cruise Booking App.app"; sourceTree = BUILT_PRODUCTS_DIR; };
		19C1589A2B056363002373DD /* AppDelegate.swift */ = {isa = PBXFileReference; lastKnownFileType = sourcecode.swift; path = AppDelegate.swift; sourceTree = "<group>"; };
		19C1589C2B056363002373DD /* SceneDelegate.swift */ = {isa = PBXFileReference; lastKnownFileType = sourcecode.swift; path = SceneDelegate.swift; sourceTree = "<group>"; };
		19C1589E2B056363002373DD /* HomeViewController.swift */ = {isa = PBXFileReference; lastKnownFileType = sourcecode.swift; path = HomeViewController.swift; sourceTree = "<group>"; };
		19C158A12B056363002373DD /* Base */ = {isa = PBXFileReference; lastKnownFileType = file.storyboard; name = Base; path = Base.lproj/Main.storyboard; sourceTree = "<group>"; };
		19C158A32B056365002373DD /* Assets.xcassets */ = {isa = PBXFileReference; lastKnownFileType = folder.assetcatalog; path = Assets.xcassets; sourceTree = "<group>"; };
		19C158A62B056365002373DD /* Base */ = {isa = PBXFileReference; lastKnownFileType = file.storyboard; name = Base; path = Base.lproj/LaunchScreen.storyboard; sourceTree = "<group>"; };
		19C158A82B056365002373DD /* Info.plist */ = {isa = PBXFileReference; lastKnownFileType = text.plist.xml; path = Info.plist; sourceTree = "<group>"; };
		19C158AE2B056737002373DD /* SplashViewController.swift */ = {isa = PBXFileReference; lastKnownFileType = sourcecode.swift; path = SplashViewController.swift; sourceTree = "<group>"; };
		19C158B12B057147002373DD /* gear1.mp3 */ = {isa = PBXFileReference; lastKnownFileType = audio.mp3; name = gear1.mp3; path = ../../../../Downloads/gear1.mp3; sourceTree = "<group>"; };
		19C158B32B057154002373DD /* gear2.mp3 */ = {isa = PBXFileReference; lastKnownFileType = audio.mp3; name = gear2.mp3; path = ../../../../Downloads/gear2.mp3; sourceTree = "<group>"; };
		19C158B52B05715D002373DD /* Ship_horn.mp3 */ = {isa = PBXFileReference; lastKnownFileType = audio.mp3; name = Ship_horn.mp3; path = ../../../../Downloads/Ship_horn.mp3; sourceTree = "<group>"; };
		19C158B72B06ED9B002373DD /* DashboardViewController.swift */ = {isa = PBXFileReference; lastKnownFileType = sourcecode.swift; path = DashboardViewController.swift; sourceTree = "<group>"; };
/* End PBXFileReference section */

/* Begin PBXFrameworksBuildPhase section */
		19A819722B142FB600DAB2EE /* Frameworks */ = {
			isa = PBXFrameworksBuildPhase;
			buildActionMask = 2147483647;
			files = (
				19A819752B14320400DAB2EE /* libsqlite3.0.tbd in Frameworks */,
			);
			runOnlyForDeploymentPostprocessing = 0;
		};
/* End PBXFrameworksBuildPhase section */

/* Begin PBXGroup section */
		19A819662B13ED4600DAB2EE /* CustomViews */ = {
			isa = PBXGroup;
			children = (
				19A819672B13ED8200DAB2EE /* CustomButton.swift */,
				19A819692B13EDF300DAB2EE /* CustomTextField.swift */,
			);
			path = CustomViews;
			sourceTree = "<group>";
		};
		19A8196F2B142CC300DAB2EE /* Frameworks */ = {
			isa = PBXGroup;
			children = (
				19A819732B142FE500DAB2EE /* libsqlite3.tbd */,
				19A819702B142CC400DAB2EE /* libsqlite3.0.tbd */,
			);
			name = Frameworks;
			sourceTree = "<group>";
		};
		19A819762B14383400DAB2EE /* Database_Files */ = {
			isa = PBXGroup;
			children = (
				19A819772B14390300DAB2EE /* Customer.swift */,
				19A8197C2B14482200DAB2EE /* CustomerDBManager.swift */,
			);
			path = Database_Files;
			sourceTree = "<group>";
		};
		19C1588E2B056363002373DD = {
			isa = PBXGroup;
			children = (
				19C158992B056363002373DD /* Cruise Booking App */,
				19C158982B056363002373DD /* Products */,
				19A8196F2B142CC300DAB2EE /* Frameworks */,
			);
			sourceTree = "<group>";
		};
		19C158982B056363002373DD /* Products */ = {
			isa = PBXGroup;
			children = (
				19C158972B056363002373DD /* Cruise Booking App.app */,
			);
			name = Products;
			sourceTree = "<group>";
		};
		19C158992B056363002373DD /* Cruise Booking App */ = {
			isa = PBXGroup;
			children = (
				19A819762B14383400DAB2EE /* Database_Files */,
				19A819662B13ED4600DAB2EE /* CustomViews */,
				19C1589A2B056363002373DD /* AppDelegate.swift */,
				19C1589C2B056363002373DD /* SceneDelegate.swift */,
				19C1589E2B056363002373DD /* HomeViewController.swift */,
				19A819642B13E82B00DAB2EE /* AuthViewController.swift */,
				19A8196B2B13EE0800DAB2EE /* Constants.swift */,
				19C158AE2B056737002373DD /* SplashViewController.swift */,
				19A8196D2B14019C00DAB2EE /* RegisterViewController.swift */,
				19A8197E2B15018800DAB2EE /* ProfileViewController.swift */,
				19C158B72B06ED9B002373DD /* DashboardViewController.swift */,
				19C158A02B056363002373DD /* Main.storyboard */,
				19C158B02B0570F1002373DD /* Music */,
				19C158A32B056365002373DD /* Assets.xcassets */,
				19C158A52B056365002373DD /* LaunchScreen.storyboard */,
				19C158A82B056365002373DD /* Info.plist */,
			);
			path = "Cruise Booking App";
			sourceTree = "<group>";
		};
		19C158B02B0570F1002373DD /* Music */ = {
			isa = PBXGroup;
			children = (
				19C158B52B05715D002373DD /* Ship_horn.mp3 */,
				19C158B32B057154002373DD /* gear2.mp3 */,
				19C158B12B057147002373DD /* gear1.mp3 */,
			);
			path = Music;
			sourceTree = "<group>";
		};
/* End PBXGroup section */

/* Begin PBXNativeTarget section */
		19C158962B056363002373DD /* Cruise Booking App */ = {
			isa = PBXNativeTarget;
			buildConfigurationList = 19C158AB2B056365002373DD /* Build configuration list for PBXNativeTarget "Cruise Booking App" */;
			buildPhases = (
				19C158932B056363002373DD /* Sources */,
				19C158952B056363002373DD /* Resources */,
				19A819722B142FB600DAB2EE /* Frameworks */,
			);
			buildRules = (
			);
			dependencies = (
			);
			name = "Cruise Booking App";
			productName = "Cruise Booking App";
			productReference = 19C158972B056363002373DD /* Cruise Booking App.app */;
			productType = "com.apple.product-type.application";
		};
/* End PBXNativeTarget section */

/* Begin PBXProject section */
		19C1588F2B056363002373DD /* Project object */ = {
			isa = PBXProject;
			attributes = {
				BuildIndependentTargetsInParallel = 1;
				LastSwiftUpdateCheck = 1500;
				LastUpgradeCheck = 1500;
				TargetAttributes = {
					19C158962B056363002373DD = {
						CreatedOnToolsVersion = 15.0;
					};
				};
			};
			buildConfigurationList = 19C158922B056363002373DD /* Build configuration list for PBXProject "Cruise Booking App" */;
			compatibilityVersion = "Xcode 14.0";
			developmentRegion = en;
			hasScannedForEncodings = 0;
			knownRegions = (
				en,
				Base,
			);
			mainGroup = 19C1588E2B056363002373DD;
			productRefGroup = 19C158982B056363002373DD /* Products */;
			projectDirPath = "";
			projectRoot = "";
			targets = (
				19C158962B056363002373DD /* Cruise Booking App */,
			);
		};
/* End PBXProject section */

/* Begin PBXResourcesBuildPhase section */
		19C158952B056363002373DD /* Resources */ = {
			isa = PBXResourcesBuildPhase;
			buildActionMask = 2147483647;
			files = (
				19C158A72B056365002373DD /* LaunchScreen.storyboard in Resources */,
				19C158A42B056365002373DD /* Assets.xcassets in Resources */,
				19C158A22B056363002373DD /* Main.storyboard in Resources */,
				19C158B62B05715D002373DD /* Ship_horn.mp3 in Resources */,
				19C158B42B057154002373DD /* gear2.mp3 in Resources */,
				19C158B22B057147002373DD /* gear1.mp3 in Resources */,
			);
			runOnlyForDeploymentPostprocessing = 0;
		};
/* End PBXResourcesBuildPhase section */

/* Begin PBXSourcesBuildPhase section */
		19C158932B056363002373DD /* Sources */ = {
			isa = PBXSourcesBuildPhase;
			buildActionMask = 2147483647;
			files = (
				19C1589F2B056363002373DD /* HomeViewController.swift in Sources */,
				19A8196E2B14019C00DAB2EE /* RegisterViewController.swift in Sources */,
				19C1589B2B056363002373DD /* AppDelegate.swift in Sources */,
				19C158B82B06ED9B002373DD /* DashboardViewController.swift in Sources */,
				19C1589D2B056363002373DD /* SceneDelegate.swift in Sources */,
				19A8197D2B14482200DAB2EE /* CustomerDBManager.swift in Sources */,
				19A8196A2B13EDF300DAB2EE /* CustomTextField.swift in Sources */,
				19A819682B13ED8200DAB2EE /* CustomButton.swift in Sources */,
				19A819782B14390300DAB2EE /* Customer.swift in Sources */,
				19A819652B13E82B00DAB2EE /* AuthViewController.swift in Sources */,
				19A8197F2B15018800DAB2EE /* ProfileViewController.swift in Sources */,
				19C158AF2B056737002373DD /* SplashViewController.swift in Sources */,
				19A8196C2B13EE0800DAB2EE /* Constants.swift in Sources */,
			);
			runOnlyForDeploymentPostprocessing = 0;
		};
/* End PBXSourcesBuildPhase section */

/* Begin PBXVariantGroup section */
		19C158A02B056363002373DD /* Main.storyboard */ = {
			isa = PBXVariantGroup;
			children = (
				19C158A12B056363002373DD /* Base */,
			);
			name = Main.storyboard;
			sourceTree = "<group>";
		};
		19C158A52B056365002373DD /* LaunchScreen.storyboard */ = {
			isa = PBXVariantGroup;
			children = (
				19C158A62B056365002373DD /* Base */,
			);
			name = LaunchScreen.storyboard;
			sourceTree = "<group>";
		};
/* End PBXVariantGroup section */

/* Begin XCBuildConfiguration section */
		19C158A92B056365002373DD /* Debug */ = {
			isa = XCBuildConfiguration;
			buildSettings = {
				ALWAYS_SEARCH_USER_PATHS = NO;
				ASSETCATALOG_COMPILER_GENERATE_SWIFT_ASSET_SYMBOL_EXTENSIONS = YES;
				CLANG_ANALYZER_NONNULL = YES;
				CLANG_ANALYZER_NUMBER_OBJECT_CONVERSION = YES_AGGRESSIVE;
				CLANG_CXX_LANGUAGE_STANDARD = "gnu++20";
				CLANG_ENABLE_MODULES = YES;
				CLANG_ENABLE_OBJC_ARC = YES;
				CLANG_ENABLE_OBJC_WEAK = YES;
				CLANG_WARN_BLOCK_CAPTURE_AUTORELEASING = YES;
				CLANG_WARN_BOOL_CONVERSION = YES;
				CLANG_WARN_COMMA = YES;
				CLANG_WARN_CONSTANT_CONVERSION = YES;
				CLANG_WARN_DEPRECATED_OBJC_IMPLEMENTATIONS = YES;
				CLANG_WARN_DIRECT_OBJC_ISA_USAGE = YES_ERROR;
				CLANG_WARN_DOCUMENTATION_COMMENTS = YES;
				CLANG_WARN_EMPTY_BODY = YES;
				CLANG_WARN_ENUM_CONVERSION = YES;
				CLANG_WARN_INFINITE_RECURSION = YES;
				CLANG_WARN_INT_CONVERSION = YES;
				CLANG_WARN_NON_LITERAL_NULL_CONVERSION = YES;
				CLANG_WARN_OBJC_IMPLICIT_RETAIN_SELF = YES;
				CLANG_WARN_OBJC_LITERAL_CONVERSION = YES;
				CLANG_WARN_OBJC_ROOT_CLASS = YES_ERROR;
				CLANG_WARN_QUOTED_INCLUDE_IN_FRAMEWORK_HEADER = YES;
				CLANG_WARN_RANGE_LOOP_ANALYSIS = YES;
				CLANG_WARN_STRICT_PROTOTYPES = YES;
				CLANG_WARN_SUSPICIOUS_MOVE = YES;
				CLANG_WARN_UNGUARDED_AVAILABILITY = YES_AGGRESSIVE;
				CLANG_WARN_UNREACHABLE_CODE = YES;
				CLANG_WARN__DUPLICATE_METHOD_MATCH = YES;
				COPY_PHASE_STRIP = NO;
				DEBUG_INFORMATION_FORMAT = dwarf;
				ENABLE_STRICT_OBJC_MSGSEND = YES;
				ENABLE_TESTABILITY = YES;
				ENABLE_USER_SCRIPT_SANDBOXING = YES;
				GCC_C_LANGUAGE_STANDARD = gnu17;
				GCC_DYNAMIC_NO_PIC = NO;
				GCC_NO_COMMON_BLOCKS = YES;
				GCC_OPTIMIZATION_LEVEL = 0;
				GCC_PREPROCESSOR_DEFINITIONS = (
					"DEBUG=1",
					"$(inherited)",
				);
				GCC_WARN_64_TO_32_BIT_CONVERSION = YES;
				GCC_WARN_ABOUT_RETURN_TYPE = YES_ERROR;
				GCC_WARN_UNDECLARED_SELECTOR = YES;
				GCC_WARN_UNINITIALIZED_AUTOS = YES_AGGRESSIVE;
				GCC_WARN_UNUSED_FUNCTION = YES;
				GCC_WARN_UNUSED_VARIABLE = YES;
				IPHONEOS_DEPLOYMENT_TARGET = 17.0;
				LOCALIZATION_PREFERS_STRING_CATALOGS = YES;
				MTL_ENABLE_DEBUG_INFO = INCLUDE_SOURCE;
				MTL_FAST_MATH = YES;
				ONLY_ACTIVE_ARCH = YES;
				SDKROOT = iphoneos;
				SWIFT_ACTIVE_COMPILATION_CONDITIONS = "DEBUG $(inherited)";
				SWIFT_OPTIMIZATION_LEVEL = "-Onone";
			};
			name = Debug;
		};
		19C158AA2B056365002373DD /* Release */ = {
			isa = XCBuildConfiguration;
			buildSettings = {
				ALWAYS_SEARCH_USER_PATHS = NO;
				ASSETCATALOG_COMPILER_GENERATE_SWIFT_ASSET_SYMBOL_EXTENSIONS = YES;
				CLANG_ANALYZER_NONNULL = YES;
				CLANG_ANALYZER_NUMBER_OBJECT_CONVERSION = YES_AGGRESSIVE;
				CLANG_CXX_LANGUAGE_STANDARD = "gnu++20";
				CLANG_ENABLE_MODULES = YES;
				CLANG_ENABLE_OBJC_ARC = YES;
				CLANG_ENABLE_OBJC_WEAK = YES;
				CLANG_WARN_BLOCK_CAPTURE_AUTORELEASING = YES;
				CLANG_WARN_BOOL_CONVERSION = YES;
				CLANG_WARN_COMMA = YES;
				CLANG_WARN_CONSTANT_CONVERSION = YES;
				CLANG_WARN_DEPRECATED_OBJC_IMPLEMENTATIONS = YES;
				CLANG_WARN_DIRECT_OBJC_ISA_USAGE = YES_ERROR;
				CLANG_WARN_DOCUMENTATION_COMMENTS = YES;
				CLANG_WARN_EMPTY_BODY = YES;
				CLANG_WARN_ENUM_CONVERSION = YES;
				CLANG_WARN_INFINITE_RECURSION = YES;
				CLANG_WARN_INT_CONVERSION = YES;
				CLANG_WARN_NON_LITERAL_NULL_CONVERSION = YES;
				CLANG_WARN_OBJC_IMPLICIT_RETAIN_SELF = YES;
				CLANG_WARN_OBJC_LITERAL_CONVERSION = YES;
				CLANG_WARN_OBJC_ROOT_CLASS = YES_ERROR;
				CLANG_WARN_QUOTED_INCLUDE_IN_FRAMEWORK_HEADER = YES;
				CLANG_WARN_RANGE_LOOP_ANALYSIS = YES;
				CLANG_WARN_STRICT_PROTOTYPES = YES;
				CLANG_WARN_SUSPICIOUS_MOVE = YES;
				CLANG_WARN_UNGUARDED_AVAILABILITY = YES_AGGRESSIVE;
				CLANG_WARN_UNREACHABLE_CODE = YES;
				CLANG_WARN__DUPLICATE_METHOD_MATCH = YES;
				COPY_PHASE_STRIP = NO;
				DEBUG_INFORMATION_FORMAT = "dwarf-with-dsym";
				ENABLE_NS_ASSERTIONS = NO;
				ENABLE_STRICT_OBJC_MSGSEND = YES;
				ENABLE_USER_SCRIPT_SANDBOXING = YES;
				GCC_C_LANGUAGE_STANDARD = gnu17;
				GCC_NO_COMMON_BLOCKS = YES;
				GCC_WARN_64_TO_32_BIT_CONVERSION = YES;
				GCC_WARN_ABOUT_RETURN_TYPE = YES_ERROR;
				GCC_WARN_UNDECLARED_SELECTOR = YES;
				GCC_WARN_UNINITIALIZED_AUTOS = YES_AGGRESSIVE;
				GCC_WARN_UNUSED_FUNCTION = YES;
				GCC_WARN_UNUSED_VARIABLE = YES;
				IPHONEOS_DEPLOYMENT_TARGET = 17.0;
				LOCALIZATION_PREFERS_STRING_CATALOGS = YES;
				MTL_ENABLE_DEBUG_INFO = NO;
				MTL_FAST_MATH = YES;
				SDKROOT = iphoneos;
				SWIFT_COMPILATION_MODE = wholemodule;
				VALIDATE_PRODUCT = YES;
			};
			name = Release;
		};
		19C158AC2B056365002373DD /* Debug */ = {
			isa = XCBuildConfiguration;
			buildSettings = {
				ASSETCATALOG_COMPILER_APPICON_NAME = AppIcon;
				ASSETCATALOG_COMPILER_GLOBAL_ACCENT_COLOR_NAME = AccentColor;
				CODE_SIGN_STYLE = Automatic;
				CURRENT_PROJECT_VERSION = 1;
				GENERATE_INFOPLIST_FILE = YES;
				INFOPLIST_FILE = "Cruise Booking App/Info.plist";
				INFOPLIST_KEY_UIApplicationSupportsIndirectInputEvents = YES;
				INFOPLIST_KEY_UILaunchStoryboardName = LaunchScreen;
				INFOPLIST_KEY_UIMainStoryboardFile = Main;
				INFOPLIST_KEY_UISupportedInterfaceOrientations_iPad = "UIInterfaceOrientationPortrait UIInterfaceOrientationPortraitUpsideDown UIInterfaceOrientationLandscapeLeft UIInterfaceOrientationLandscapeRight";
				INFOPLIST_KEY_UISupportedInterfaceOrientations_iPhone = "UIInterfaceOrientationPortrait UIInterfaceOrientationLandscapeLeft UIInterfaceOrientationLandscapeRight";
				LD_RUNPATH_SEARCH_PATHS = (
					"$(inherited)",
					"@executable_path/Frameworks",
				);
				MARKETING_VERSION = 1.0;
				PRODUCT_BUNDLE_IDENTIFIER = "com.jawwad.Cruise-Booking-App";
				PRODUCT_NAME = "$(TARGET_NAME)";
				SWIFT_EMIT_LOC_STRINGS = YES;
				SWIFT_VERSION = 5.0;
				TARGETED_DEVICE_FAMILY = "1,2";
			};
			name = Debug;
		};
		19C158AD2B056365002373DD /* Release */ = {
			isa = XCBuildConfiguration;
			buildSettings = {
				ASSETCATALOG_COMPILER_APPICON_NAME = AppIcon;
				ASSETCATALOG_COMPILER_GLOBAL_ACCENT_COLOR_NAME = AccentColor;
				CODE_SIGN_STYLE = Automatic;
				CURRENT_PROJECT_VERSION = 1;
				GENERATE_INFOPLIST_FILE = YES;
				INFOPLIST_FILE = "Cruise Booking App/Info.plist";
				INFOPLIST_KEY_UIApplicationSupportsIndirectInputEvents = YES;
				INFOPLIST_KEY_UILaunchStoryboardName = LaunchScreen;
				INFOPLIST_KEY_UIMainStoryboardFile = Main;
				INFOPLIST_KEY_UISupportedInterfaceOrientations_iPad = "UIInterfaceOrientationPortrait UIInterfaceOrientationPortraitUpsideDown UIInterfaceOrientationLandscapeLeft UIInterfaceOrientationLandscapeRight";
				INFOPLIST_KEY_UISupportedInterfaceOrientations_iPhone = "UIInterfaceOrientationPortrait UIInterfaceOrientationLandscapeLeft UIInterfaceOrientationLandscapeRight";
				LD_RUNPATH_SEARCH_PATHS = (
					"$(inherited)",
					"@executable_path/Frameworks",
				);
				MARKETING_VERSION = 1.0;
				PRODUCT_BUNDLE_IDENTIFIER = "com.jawwad.Cruise-Booking-App";
				PRODUCT_NAME = "$(TARGET_NAME)";
				SWIFT_EMIT_LOC_STRINGS = YES;
				SWIFT_VERSION = 5.0;
				TARGETED_DEVICE_FAMILY = "1,2";
			};
			name = Release;
		};
/* End XCBuildConfiguration section */

/* Begin XCConfigurationList section */
		19C158922B056363002373DD /* Build configuration list for PBXProject "Cruise Booking App" */ = {
			isa = XCConfigurationList;
			buildConfigurations = (
				19C158A92B056365002373DD /* Debug */,
				19C158AA2B056365002373DD /* Release */,
			);
			defaultConfigurationIsVisible = 0;
			defaultConfigurationName = Release;
		};
		19C158AB2B056365002373DD /* Build configuration list for PBXNativeTarget "Cruise Booking App" */ = {
			isa = XCConfigurationList;
			buildConfigurations = (
				19C158AC2B056365002373DD /* Debug */,
				19C158AD2B056365002373DD /* Release */,
			);
			defaultConfigurationIsVisible = 0;
			defaultConfigurationName = Release;
		};
/* End XCConfigurationList section */
	};
	rootObject = 19C1588F2B056363002373DD /* Project object */;
}
